
Microsoft Visual Studio Solution File, Format Version 12.00
# Visual Studio 15
VisualStudioVersion = 15.0.28307.438
MinimumVisualStudioVersion = 10.0.40219.1
Project("{FAE04EC0-301F-11D3-BF4B-00C04F79EFBC}") = "zadatak2", "zadatak2\zadatak2.csproj", "{C99988D3-390D-4105-8F14-4EA18EDF9103}"
EndProject
Global
	GlobalSection(SolutionConfigurationPlatforms) = preSolution
		Debug|Any CPU = Debug|Any CPU
		Release|Any CPU = Release|Any CPU
	EndGlobalSection
	GlobalSection(ProjectConfigurationPlatforms) = postSolution
		{C99988D3-390D-4105-8F14-4EA18EDF9103}.Debug|Any CPU.ActiveCfg = Debug|Any CPU
		{C99988D3-390D-4105-8F14-4EA18EDF9103}.Debug|Any CPU.Build.0 = Debug|Any CPU
		{C99988D3-390D-4105-8F14-4EA18EDF9103}.Release|Any CPU.ActiveCfg = Release|Any CPU
		{C99988D3-390D-4105-8F14-4EA18EDF9103}.Release|Any CPU.Build.0 = Release|Any CPU
	EndGlobalSection
	GlobalSection(SolutionProperties) = preSolution
		HideSolutionNode = FALSE
	EndGlobalSection
	GlobalSection(ExtensibilityGlobals) = postSolution
		SolutionGuid = {7ECF4824-C997-4FE6-82B2-3412B16E8CDD}
	EndGlobalSection
EndGlobal
